
Microsoft Visual Studio Solution File, Format Version 12.00
# Visual Studio Version 17
VisualStudioVersion = 17.0.31903.59
MinimumVisualStudioVersion = 10.0.40219.1
Project("{FAE04EC0-301F-11D3-BF4B-00C04F79EFBC}") = "CalcApp", "CalcApp\CalcApp.csproj", "{732FF860-BBC5-441A-88AE-A1254FBDC43D}"
EndProject
Project("{FAE04EC0-301F-11D3-BF4B-00C04F79EFBC}") = "Calc.Tests", "Calc.Tests\Calc.Tests.csproj", "{DE7A35FF-8B80-48B0-BAF8-D9785DA6C327}"
EndProject
Global
	GlobalSection(SolutionConfigurationPlatforms) = preSolution
		Debug|Any CPU = Debug|Any CPU
		Release|Any CPU = Release|Any CPU
	EndGlobalSection
	GlobalSection(SolutionProperties) = preSolution
		HideSolutionNode = FALSE
	EndGlobalSection
	GlobalSection(ProjectConfigurationPlatforms) = postSolution
		{732FF860-BBC5-441A-88AE-A1254FBDC43D}.Debug|Any CPU.ActiveCfg = Debug|Any CPU
		{732FF860-BBC5-441A-88AE-A1254FBDC43D}.Debug|Any CPU.Build.0 = Debug|Any CPU
		{732FF860-BBC5-441A-88AE-A1254FBDC43D}.Release|Any CPU.ActiveCfg = Release|Any CPU
		{732FF860-BBC5-441A-88AE-A1254FBDC43D}.Release|Any CPU.Build.0 = Release|Any CPU
		{DE7A35FF-8B80-48B0-BAF8-D9785DA6C327}.Debug|Any CPU.ActiveCfg = Debug|Any CPU
		{DE7A35FF-8B80-48B0-BAF8-D9785DA6C327}.Debug|Any CPU.Build.0 = Debug|Any CPU
		{DE7A35FF-8B80-48B0-BAF8-D9785DA6C327}.Release|Any CPU.ActiveCfg = Release|Any CPU
		{DE7A35FF-8B80-48B0-BAF8-D9785DA6C327}.Release|Any CPU.Build.0 = Release|Any CPU
	EndGlobalSection
EndGlobal
